
Microsoft Visual Studio Solution File, Format Version 12.00
# Visual Studio Version 16
VisualStudioVersion = 16.0.32901.82
MinimumVisualStudioVersion = 10.0.40219.1
Project("{9A19103F-16F7-4668-BE54-9A1E7A4F7556}") = "UserTask", "1.uzd\UserTask.csproj", "{6CD57542-CC5A-40E7-805C-AB506426A70D}"
EndProject
Project("{9A19103F-16F7-4668-BE54-9A1E7A4F7556}") = "CalculatorTask", "2.uzd\CalculatorTask.csproj", "{7A20F8C0-E1BF-48BD-BA2F-FA856AAA26CA}"
EndProject
Project("{9A19103F-16F7-4668-BE54-9A1E7A4F7556}") = "ClockTask", "3.uzd\ClockTask.csproj", "{D68996A3-9B38-49E6-987C-662BFE13DED6}"
EndProject
Project("{2150E333-8FDC-42A3-9474-1A3956D46DE8}") = "Task1", "Task1", "{8224BFD1-FA4F-41BC-A2AE-66CB6FBD7BD2}"
EndProject
Project("{2150E333-8FDC-42A3-9474-1A3956D46DE8}") = "Task2", "Task2", "{C41A1399-99B3-4171-9037-E9F951A18B8C}"
EndProject
Project("{2150E333-8FDC-42A3-9474-1A3956D46DE8}") = "Task3", "Task3", "{5956465E-01E8-4D0D-9E69-BF618A8291FB}"
EndProject
Project("{9A19103F-16F7-4668-BE54-9A1E7A4F7556}") = "UserTaskTests", "UserTaskTests\UserTaskTests.csproj", "{B49F7DFF-7FD4-48B7-8B57-76360027F6DF}"
EndProject
Project("{9A19103F-16F7-4668-BE54-9A1E7A4F7556}") = "CalculatorTaskTests", "CalculatorTaskTests\CalculatorTaskTests.csproj", "{112ABCE2-6EFF-4375-B343-B20AC1DD97DA}"
EndProject
Project("{FAE04EC0-301F-11D3-BF4B-00C04F79EFBC}") = "ClockTaskTests", "ClockTaskTests\ClockTaskTests.csproj", "{6C1BB977-8793-42C7-ACBC-B2C525CF2D27}"
EndProject
Project("{FAE04EC0-301F-11D3-BF4B-00C04F79EFBC}") = "LiftTask", "4.uzd\LiftTask.csproj", "{4FCC431A-5BB9-44DE-80A8-6175925A99C2}"
EndProject
Project("{2150E333-8FDC-42A3-9474-1A3956D46DE8}") = "Task4", "Task4", "{71F3DE97-7A6C-41F2-9E74-F2482C1C8FBB}"
EndProject
Project("{FAE04EC0-301F-11D3-BF4B-00C04F79EFBC}") = "LiftTaskTests", "LiftTaskTests\LiftTaskTests.csproj", "{D670361D-B1C7-4AD4-812B-7792EDD59F90}"
EndProject
Project("{FAE04EC0-301F-11D3-BF4B-00C04F79EFBC}") = "ValueFinderTask", "5.uzd\ValueFinderTask.csproj", "{2CEF2718-BF4F-4562-A839-3DC409B8627B}"
EndProject
Project("{2150E333-8FDC-42A3-9474-1A3956D46DE8}") = "Task5", "Task5", "{558B4F3F-4722-4768-95E7-A35F6567FA73}"
EndProject
Project("{FAE04EC0-301F-11D3-BF4B-00C04F79EFBC}") = "ValueFinderTaskTests", "ValueFinderTaskTests\ValueFinderTaskTests.csproj", "{072AD57F-C175-499B-A736-B91B40949F6E}"
EndProject
Project("{FAE04EC0-301F-11D3-BF4B-00C04F79EFBC}") = "StockAmount", "6.uzd\StockAmount.csproj", "{8F3D576F-126F-43C9-9374-AB7864A7CB86}"
EndProject
Project("{2150E333-8FDC-42A3-9474-1A3956D46DE8}") = "Task6", "Task6", "{96568E51-13FA-4792-9C61-7B8D41C0D548}"
EndProject
Project("{FAE04EC0-301F-11D3-BF4B-00C04F79EFBC}") = "StockAmountTests", "StockAmountTests\StockAmountTests.csproj", "{03026AF9-62B5-45E5-B724-47517E5DC8FB}"
EndProject
Global
	GlobalSection(SolutionConfigurationPlatforms) = preSolution
		Debug|Any CPU = Debug|Any CPU
		Release|Any CPU = Release|Any CPU
	EndGlobalSection
	GlobalSection(ProjectConfigurationPlatforms) = postSolution
		{6CD57542-CC5A-40E7-805C-AB506426A70D}.Debug|Any CPU.ActiveCfg = Debug|Any CPU
		{6CD57542-CC5A-40E7-805C-AB506426A70D}.Debug|Any CPU.Build.0 = Debug|Any CPU
		{6CD57542-CC5A-40E7-805C-AB506426A70D}.Release|Any CPU.ActiveCfg = Release|Any CPU
		{6CD57542-CC5A-40E7-805C-AB506426A70D}.Release|Any CPU.Build.0 = Release|Any CPU
		{7A20F8C0-E1BF-48BD-BA2F-FA856AAA26CA}.Debug|Any CPU.ActiveCfg = Debug|Any CPU
		{7A20F8C0-E1BF-48BD-BA2F-FA856AAA26CA}.Debug|Any CPU.Build.0 = Debug|Any CPU
		{7A20F8C0-E1BF-48BD-BA2F-FA856AAA26CA}.Release|Any CPU.ActiveCfg = Release|Any CPU
		{7A20F8C0-E1BF-48BD-BA2F-FA856AAA26CA}.Release|Any CPU.Build.0 = Release|Any CPU
		{D68996A3-9B38-49E6-987C-662BFE13DED6}.Debug|Any CPU.ActiveCfg = Debug|Any CPU
		{D68996A3-9B38-49E6-987C-662BFE13DED6}.Debug|Any CPU.Build.0 = Debug|Any CPU
		{D68996A3-9B38-49E6-987C-662BFE13DED6}.Release|Any CPU.ActiveCfg = Release|Any CPU
		{D68996A3-9B38-49E6-987C-662BFE13DED6}.Release|Any CPU.Build.0 = Release|Any CPU
		{B49F7DFF-7FD4-48B7-8B57-76360027F6DF}.Debug|Any CPU.ActiveCfg = Debug|Any CPU
		{B49F7DFF-7FD4-48B7-8B57-76360027F6DF}.Debug|Any CPU.Build.0 = Debug|Any CPU
		{B49F7DFF-7FD4-48B7-8B57-76360027F6DF}.Release|Any CPU.ActiveCfg = Release|Any CPU
		{B49F7DFF-7FD4-48B7-8B57-76360027F6DF}.Release|Any CPU.Build.0 = Release|Any CPU
		{112ABCE2-6EFF-4375-B343-B20AC1DD97DA}.Debug|Any CPU.ActiveCfg = Debug|Any CPU
		{112ABCE2-6EFF-4375-B343-B20AC1DD97DA}.Debug|Any CPU.Build.0 = Debug|Any CPU
		{112ABCE2-6EFF-4375-B343-B20AC1DD97DA}.Release|Any CPU.ActiveCfg = Release|Any CPU
		{112ABCE2-6EFF-4375-B343-B20AC1DD97DA}.Release|Any CPU.Build.0 = Release|Any CPU
		{6C1BB977-8793-42C7-ACBC-B2C525CF2D27}.Debug|Any CPU.ActiveCfg = Debug|Any CPU
		{6C1BB977-8793-42C7-ACBC-B2C525CF2D27}.Debug|Any CPU.Build.0 = Debug|Any CPU
		{6C1BB977-8793-42C7-ACBC-B2C525CF2D27}.Release|Any CPU.ActiveCfg = Release|Any CPU
		{6C1BB977-8793-42C7-ACBC-B2C525CF2D27}.Release|Any CPU.Build.0 = Release|Any CPU
		{4FCC431A-5BB9-44DE-80A8-6175925A99C2}.Debug|Any CPU.ActiveCfg = Debug|Any CPU
		{4FCC431A-5BB9-44DE-80A8-6175925A99C2}.Debug|Any CPU.Build.0 = Debug|Any CPU
		{4FCC431A-5BB9-44DE-80A8-6175925A99C2}.Release|Any CPU.ActiveCfg = Release|Any CPU
		{4FCC431A-5BB9-44DE-80A8-6175925A99C2}.Release|Any CPU.Build.0 = Release|Any CPU
		{D670361D-B1C7-4AD4-812B-7792EDD59F90}.Debug|Any CPU.ActiveCfg = Debug|Any CPU
		{D670361D-B1C7-4AD4-812B-7792EDD59F90}.Debug|Any CPU.Build.0 = Debug|Any CPU
		{D670361D-B1C7-4AD4-812B-7792EDD59F90}.Release|Any CPU.ActiveCfg = Release|Any CPU
		{D670361D-B1C7-4AD4-812B-7792EDD59F90}.Release|Any CPU.Build.0 = Release|Any CPU
		{2CEF2718-BF4F-4562-A839-3DC409B8627B}.Debug|Any CPU.ActiveCfg = Debug|Any CPU
		{2CEF2718-BF4F-4562-A839-3DC409B8627B}.Debug|Any CPU.Build.0 = Debug|Any CPU
		{2CEF2718-BF4F-4562-A839-3DC409B8627B}.Release|Any CPU.ActiveCfg = Release|Any CPU
		{2CEF2718-BF4F-4562-A839-3DC409B8627B}.Release|Any CPU.Build.0 = Release|Any CPU
		{072AD57F-C175-499B-A736-B91B40949F6E}.Debug|Any CPU.ActiveCfg = Debug|Any CPU
		{072AD57F-C175-499B-A736-B91B40949F6E}.Debug|Any CPU.Build.0 = Debug|Any CPU
		{072AD57F-C175-499B-A736-B91B40949F6E}.Release|Any CPU.ActiveCfg = Release|Any CPU
		{072AD57F-C175-499B-A736-B91B40949F6E}.Release|Any CPU.Build.0 = Release|Any CPU
		{8F3D576F-126F-43C9-9374-AB7864A7CB86}.Debug|Any CPU.ActiveCfg = Debug|Any CPU
		{8F3D576F-126F-43C9-9374-AB7864A7CB86}.Debug|Any CPU.Build.0 = Debug|Any CPU
		{8F3D576F-126F-43C9-9374-AB7864A7CB86}.Release|Any CPU.ActiveCfg = Release|Any CPU
		{8F3D576F-126F-43C9-9374-AB7864A7CB86}.Release|Any CPU.Build.0 = Release|Any CPU
		{03026AF9-62B5-45E5-B724-47517E5DC8FB}.Debug|Any CPU.ActiveCfg = Debug|Any CPU
		{03026AF9-62B5-45E5-B724-47517E5DC8FB}.Debug|Any CPU.Build.0 = Debug|Any CPU
		{03026AF9-62B5-45E5-B724-47517E5DC8FB}.Release|Any CPU.ActiveCfg = Release|Any CPU
		{03026AF9-62B5-45E5-B724-47517E5DC8FB}.Release|Any CPU.Build.0 = Release|Any CPU
	EndGlobalSection
	GlobalSection(SolutionProperties) = preSolution
		HideSolutionNode = FALSE
	EndGlobalSection
	GlobalSection(NestedProjects) = preSolution
		{6CD57542-CC5A-40E7-805C-AB506426A70D} = {8224BFD1-FA4F-41BC-A2AE-66CB6FBD7BD2}
		{7A20F8C0-E1BF-48BD-BA2F-FA856AAA26CA} = {C41A1399-99B3-4171-9037-E9F951A18B8C}
		{D68996A3-9B38-49E6-987C-662BFE13DED6} = {5956465E-01E8-4D0D-9E69-BF618A8291FB}
		{B49F7DFF-7FD4-48B7-8B57-76360027F6DF} = {8224BFD1-FA4F-41BC-A2AE-66CB6FBD7BD2}
		{112ABCE2-6EFF-4375-B343-B20AC1DD97DA} = {C41A1399-99B3-4171-9037-E9F951A18B8C}
		{6C1BB977-8793-42C7-ACBC-B2C525CF2D27} = {5956465E-01E8-4D0D-9E69-BF618A8291FB}
		{4FCC431A-5BB9-44DE-80A8-6175925A99C2} = {71F3DE97-7A6C-41F2-9E74-F2482C1C8FBB}
		{D670361D-B1C7-4AD4-812B-7792EDD59F90} = {71F3DE97-7A6C-41F2-9E74-F2482C1C8FBB}
		{2CEF2718-BF4F-4562-A839-3DC409B8627B} = {558B4F3F-4722-4768-95E7-A35F6567FA73}
		{072AD57F-C175-499B-A736-B91B40949F6E} = {558B4F3F-4722-4768-95E7-A35F6567FA73}
		{8F3D576F-126F-43C9-9374-AB7864A7CB86} = {96568E51-13FA-4792-9C61-7B8D41C0D548}
		{03026AF9-62B5-45E5-B724-47517E5DC8FB} = {96568E51-13FA-4792-9C61-7B8D41C0D548}
	EndGlobalSection
	GlobalSection(ExtensibilityGlobals) = postSolution
		SolutionGuid = {CA503689-3561-47C8-B1B4-9F9F18744428}
	EndGlobalSection
EndGlobal
